
Microsoft Visual Studio Solution File, Format Version 12.00
# Visual Studio Version 16
VisualStudioVersion = 16.0.30804.86
MinimumVisualStudioVersion = 10.0.40219.1
Project("{8BC9CEB8-8B4A-11D0-8D11-00A0C91BC942}") = "Demo1.4", "Demo1.4\Demo1.4.vcxproj", "{39AD9366-CA98-46B7-BBA7-1BDE29CE994F}"
EndProject
Project("{8BC9CEB8-8B4A-11D0-8D11-00A0C91BC942}") = "Excise1-10", "Excise1-10\Excise1-10.vcxproj", "{F5761492-74E5-4071-AC9F-B6E5875B00AD}"
EndProject
Project("{8BC9CEB8-8B4A-11D0-8D11-00A0C91BC942}") = "Excise1-12", "Excise1-12\Excise1-12.vcxproj", "{18BA3497-D28A-4DAB-9C2E-E17F7EF0E748}"
EndProject
Project("{8BC9CEB8-8B4A-11D0-8D11-00A0C91BC942}") = "Excise1-13", "Excise1-13\Excise1-13.vcxproj", "{14A13937-4BDB-41FC-8140-4FB222E8419D}"
EndProject
Project("{8BC9CEB8-8B4A-11D0-8D11-00A0C91BC942}") = "Excise1-01", "Excise1-01\Excise1-1.vcxproj", "{57008797-C620-48F3-AFD2-CE02BA864138}"
EndProject
Project("{8BC9CEB8-8B4A-11D0-8D11-00A0C91BC942}") = "Excise1-02", "Excise1-02\Excise1-2.vcxproj", "{27F2E6C0-9D8D-4D1D-9FC8-B3D0CE2E249E}"
EndProject
Project("{8BC9CEB8-8B4A-11D0-8D11-00A0C91BC942}") = "Excise1-03", "Excise1-03\Excise1-3.vcxproj", "{9C60757B-520B-471A-9FCF-C84ACF4D64F7}"
EndProject
Project("{8BC9CEB8-8B4A-11D0-8D11-00A0C91BC942}") = "Excise1-04", "Excise1-04\Excise1-4.vcxproj", "{8B8BA6B8-B624-4F4C-86BE-7AE11C41A097}"
EndProject
Project("{8BC9CEB8-8B4A-11D0-8D11-00A0C91BC942}") = "Excise1-05", "Excise1-05\Excise1-5.vcxproj", "{CAA2F9A7-302E-469D-8166-070CCEDC477D}"
EndProject
Project("{8BC9CEB8-8B4A-11D0-8D11-00A0C91BC942}") = "Excise1-06", "Excise1-06\Excise1-6.vcxproj", "{F642B01A-E40F-4DF9-AB7C-3D16A5A9E8BC}"
EndProject
Project("{8BC9CEB8-8B4A-11D0-8D11-00A0C91BC942}") = "Excise1-07", "Excise1-07\Excise1-7.vcxproj", "{EE1A3BDB-0252-497B-960A-9C2DE3E8DFEF}"
EndProject
Project("{8BC9CEB8-8B4A-11D0-8D11-00A0C91BC942}") = "Excise1-08", "Excise1-08\Excise1-8.vcxproj", "{F561C3EF-E803-499F-A986-FDE8A6B2A150}"
EndProject
Project("{8BC9CEB8-8B4A-11D0-8D11-00A0C91BC942}") = "Excise1-09", "Excise1-09\Excise1-9.vcxproj", "{325C40B9-C0B2-420C-BE35-909559B66A55}"
EndProject
Project("{8BC9CEB8-8B4A-11D0-8D11-00A0C91BC942}") = "Excise1-14", "Excise1-14\Excise1-14.vcxproj", "{8CC7B0DD-1966-40AD-A9D2-512AA80248E5}"
EndProject
Project("{8BC9CEB8-8B4A-11D0-8D11-00A0C91BC942}") = "Excise1-15", "Excise1-15\Excise1-15.vcxproj", "{41A9A244-BA82-4FCD-8BC6-B1267F995BE4}"
EndProject
Project("{8BC9CEB8-8B4A-11D0-8D11-00A0C91BC942}") = "Demo1.9", "Demo1.9\Demo1.9.vcxproj", "{9F642B60-CCAC-4F0C-B8BE-BF8479B5893E}"
EndProject
Project("{8BC9CEB8-8B4A-11D0-8D11-00A0C91BC942}") = "Excise1-16", "Excise1-16\Excise1-16.vcxproj", "{B182C17E-C4C7-4A1A-A797-B9F165D2F3A8}"
EndProject
Project("{8BC9CEB8-8B4A-11D0-8D11-00A0C91BC942}") = "Excise1-17", "Excise1-17\Excise1-17.vcxproj", "{D1275FD7-9D99-4F5B-B9FC-4943E662EE14}"
EndProject
Project("{8BC9CEB8-8B4A-11D0-8D11-00A0C91BC942}") = "Excise1-18", "Excise1-18\Excise1-18.vcxproj", "{F82D9FD8-9D90-41F0-989F-79677F36BE70}"
EndProject
Project("{8BC9CEB8-8B4A-11D0-8D11-00A0C91BC942}") = "Excise1-19", "Excise1-19\Excise1-19.vcxproj", "{8204733C-5F5D-450E-BFCA-7B93B8D603FF}"
EndProject
Project("{8BC9CEB8-8B4A-11D0-8D11-00A0C91BC942}") = "Excise1-20", "Excise1-20\Excise1-20.vcxproj", "{1F88786C-2827-4AAD-BFA9-3B2DD5C6F508}"
EndProject
Project("{8BC9CEB8-8B4A-11D0-8D11-00A0C91BC942}") = "Excise1-21", "Excise1-21\Excise1-21.vcxproj", "{4697DD65-3C7C-48F3-9870-DCD581CB0254}"
EndProject
Project("{8BC9CEB8-8B4A-11D0-8D11-00A0C91BC942}") = "Excise1-22", "Excise1-22\Excise1-22.vcxproj", "{915D5172-B952-4578-A65C-0611DFC4D60B}"
EndProject
Project("{8BC9CEB8-8B4A-11D0-8D11-00A0C91BC942}") = "Excise1-23", "Excise1-23\Excise1-23.vcxproj", "{858F8536-71EA-4832-BC5E-893C526DCB43}"
EndProject
Project("{8BC9CEB8-8B4A-11D0-8D11-00A0C91BC942}") = "Excise1-24", "Excise1-24\Excise1-24.vcxproj", "{7477BD22-2CA8-4623-B6B4-7FED7098AAF4}"
EndProject
Global
	GlobalSection(SolutionConfigurationPlatforms) = preSolution
		Debug|Any CPU = Debug|Any CPU
		Debug|x64 = Debug|x64
		Debug|x86 = Debug|x86
		Release|Any CPU = Release|Any CPU
		Release|x64 = Release|x64
		Release|x86 = Release|x86
	EndGlobalSection
	GlobalSection(ProjectConfigurationPlatforms) = postSolution
		{39AD9366-CA98-46B7-BBA7-1BDE29CE994F}.Debug|Any CPU.ActiveCfg = Debug|Win32
		{39AD9366-CA98-46B7-BBA7-1BDE29CE994F}.Debug|x64.ActiveCfg = Debug|x64
		{39AD9366-CA98-46B7-BBA7-1BDE29CE994F}.Debug|x64.Build.0 = Debug|x64
		{39AD9366-CA98-46B7-BBA7-1BDE29CE994F}.Debug|x86.ActiveCfg = Debug|Win32
		{39AD9366-CA98-46B7-BBA7-1BDE29CE994F}.Debug|x86.Build.0 = Debug|Win32
		{39AD9366-CA98-46B7-BBA7-1BDE29CE994F}.Release|Any CPU.ActiveCfg = Release|Win32
		{39AD9366-CA98-46B7-BBA7-1BDE29CE994F}.Release|x64.ActiveCfg = Release|x64
		{39AD9366-CA98-46B7-BBA7-1BDE29CE994F}.Release|x64.Build.0 = Release|x64
		{39AD9366-CA98-46B7-BBA7-1BDE29CE994F}.Release|x86.ActiveCfg = Release|Win32
		{39AD9366-CA98-46B7-BBA7-1BDE29CE994F}.Release|x86.Build.0 = Release|Win32
		{F5761492-74E5-4071-AC9F-B6E5875B00AD}.Debug|Any CPU.ActiveCfg = Debug|Win32
		{F5761492-74E5-4071-AC9F-B6E5875B00AD}.Debug|x64.ActiveCfg = Debug|x64
		{F5761492-74E5-4071-AC9F-B6E5875B00AD}.Debug|x64.Build.0 = Debug|x64
		{F5761492-74E5-4071-AC9F-B6E5875B00AD}.Debug|x86.ActiveCfg = Debug|Win32
		{F5761492-74E5-4071-AC9F-B6E5875B00AD}.Debug|x86.Build.0 = Debug|Win32
		{F5761492-74E5-4071-AC9F-B6E5875B00AD}.Release|Any CPU.ActiveCfg = Release|Win32
		{F5761492-74E5-4071-AC9F-B6E5875B00AD}.Release|x64.ActiveCfg = Release|x64
		{F5761492-74E5-4071-AC9F-B6E5875B00AD}.Release|x64.Build.0 = Release|x64
		{F5761492-74E5-4071-AC9F-B6E5875B00AD}.Release|x86.ActiveCfg = Release|Win32
		{F5761492-74E5-4071-AC9F-B6E5875B00AD}.Release|x86.Build.0 = Release|Win32
		{18BA3497-D28A-4DAB-9C2E-E17F7EF0E748}.Debug|Any CPU.ActiveCfg = Debug|Win32
		{18BA3497-D28A-4DAB-9C2E-E17F7EF0E748}.Debug|x64.ActiveCfg = Debug|x64
		{18BA3497-D28A-4DAB-9C2E-E17F7EF0E748}.Debug|x64.Build.0 = Debug|x64
		{18BA3497-D28A-4DAB-9C2E-E17F7EF0E748}.Debug|x86.ActiveCfg = Debug|Win32
		{18BA3497-D28A-4DAB-9C2E-E17F7EF0E748}.Debug|x86.Build.0 = Debug|Win32
		{18BA3497-D28A-4DAB-9C2E-E17F7EF0E748}.Release|Any CPU.ActiveCfg = Release|Win32
		{18BA3497-D28A-4DAB-9C2E-E17F7EF0E748}.Release|x64.ActiveCfg = Release|x64
		{18BA3497-D28A-4DAB-9C2E-E17F7EF0E748}.Release|x64.Build.0 = Release|x64
		{18BA3497-D28A-4DAB-9C2E-E17F7EF0E748}.Release|x86.ActiveCfg = Release|Win32
		{18BA3497-D28A-4DAB-9C2E-E17F7EF0E748}.Release|x86.Build.0 = Release|Win32
		{14A13937-4BDB-41FC-8140-4FB222E8419D}.Debug|Any CPU.ActiveCfg = Debug|Win32
		{14A13937-4BDB-41FC-8140-4FB222E8419D}.Debug|x64.ActiveCfg = Debug|x64
		{14A13937-4BDB-41FC-8140-4FB222E8419D}.Debug|x64.Build.0 = Debug|x64
		{14A13937-4BDB-41FC-8140-4FB222E8419D}.Debug|x86.ActiveCfg = Debug|Win32
		{14A13937-4BDB-41FC-8140-4FB222E8419D}.Debug|x86.Build.0 = Debug|Win32
		{14A13937-4BDB-41FC-8140-4FB222E8419D}.Release|Any CPU.ActiveCfg = Release|Win32
		{14A13937-4BDB-41FC-8140-4FB222E8419D}.Release|x64.ActiveCfg = Release|x64
		{14A13937-4BDB-41FC-8140-4FB222E8419D}.Release|x64.Build.0 = Release|x64
		{14A13937-4BDB-41FC-8140-4FB222E8419D}.Release|x86.ActiveCfg = Release|Win32
		{14A13937-4BDB-41FC-8140-4FB222E8419D}.Release|x86.Build.0 = Release|Win32
		{57008797-C620-48F3-AFD2-CE02BA864138}.Debug|Any CPU.ActiveCfg = Debug|Win32
		{57008797-C620-48F3-AFD2-CE02BA864138}.Debug|x64.ActiveCfg = Debug|x64
		{57008797-C620-48F3-AFD2-CE02BA864138}.Debug|x64.Build.0 = Debug|x64
		{57008797-C620-48F3-AFD2-CE02BA864138}.Debug|x86.ActiveCfg = Debug|Win32
		{57008797-C620-48F3-AFD2-CE02BA864138}.Debug|x86.Build.0 = Debug|Win32
		{57008797-C620-48F3-AFD2-CE02BA864138}.Release|Any CPU.ActiveCfg = Release|Win32
		{57008797-C620-48F3-AFD2-CE02BA864138}.Release|x64.ActiveCfg = Release|x64
		{57008797-C620-48F3-AFD2-CE02BA864138}.Release|x64.Build.0 = Release|x64
		{57008797-C620-48F3-AFD2-CE02BA864138}.Release|x86.ActiveCfg = Release|Win32
		{57008797-C620-48F3-AFD2-CE02BA864138}.Release|x86.Build.0 = Release|Win32
		{27F2E6C0-9D8D-4D1D-9FC8-B3D0CE2E249E}.Debug|Any CPU.ActiveCfg = Debug|Win32
		{27F2E6C0-9D8D-4D1D-9FC8-B3D0CE2E249E}.Debug|x64.ActiveCfg = Debug|x64
		{27F2E6C0-9D8D-4D1D-9FC8-B3D0CE2E249E}.Debug|x64.Build.0 = Debug|x64
		{27F2E6C0-9D8D-4D1D-9FC8-B3D0CE2E249E}.Debug|x86.ActiveCfg = Debug|Win32
		{27F2E6C0-9D8D-4D1D-9FC8-B3D0CE2E249E}.Debug|x86.Build.0 = Debug|Win32
		{27F2E6C0-9D8D-4D1D-9FC8-B3D0CE2E249E}.Release|Any CPU.ActiveCfg = Release|Win32
		{27F2E6C0-9D8D-4D1D-9FC8-B3D0CE2E249E}.Release|x64.ActiveCfg = Release|x64
		{27F2E6C0-9D8D-4D1D-9FC8-B3D0CE2E249E}.Release|x64.Build.0 = Release|x64
		{27F2E6C0-9D8D-4D1D-9FC8-B3D0CE2E249E}.Release|x86.ActiveCfg = Release|Win32
		{27F2E6C0-9D8D-4D1D-9FC8-B3D0CE2E249E}.Release|x86.Build.0 = Release|Win32
		{9C60757B-520B-471A-9FCF-C84ACF4D64F7}.Debug|Any CPU.ActiveCfg = Debug|Win32
		{9C60757B-520B-471A-9FCF-C84ACF4D64F7}.Debug|x64.ActiveCfg = Debug|x64
		{9C60757B-520B-471A-9FCF-C84ACF4D64F7}.Debug|x64.Build.0 = Debug|x64
		{9C60757B-520B-471A-9FCF-C84ACF4D64F7}.Debug|x86.ActiveCfg = Debug|Win32
		{9C60757B-520B-471A-9FCF-C84ACF4D64F7}.Debug|x86.Build.0 = Debug|Win32
		{9C60757B-520B-471A-9FCF-C84ACF4D64F7}.Release|Any CPU.ActiveCfg = Release|Win32
		{9C60757B-520B-471A-9FCF-C84ACF4D64F7}.Release|x64.ActiveCfg = Release|x64
		{9C60757B-520B-471A-9FCF-C84ACF4D64F7}.Release|x64.Build.0 = Release|x64
		{9C60757B-520B-471A-9FCF-C84ACF4D64F7}.Release|x86.ActiveCfg = Release|Win32
		{9C60757B-520B-471A-9FCF-C84ACF4D64F7}.Release|x86.Build.0 = Release|Win32
		{8B8BA6B8-B624-4F4C-86BE-7AE11C41A097}.Debug|Any CPU.ActiveCfg = Debug|Win32
		{8B8BA6B8-B624-4F4C-86BE-7AE11C41A097}.Debug|x64.ActiveCfg = Debug|x64
		{8B8BA6B8-B624-4F4C-86BE-7AE11C41A097}.Debug|x64.Build.0 = Debug|x64
		{8B8BA6B8-B624-4F4C-86BE-7AE11C41A097}.Debug|x86.ActiveCfg = Debug|Win32
		{8B8BA6B8-B624-4F4C-86BE-7AE11C41A097}.Debug|x86.Build.0 = Debug|Win32
		{8B8BA6B8-B624-4F4C-86BE-7AE11C41A097}.Release|Any CPU.ActiveCfg = Release|Win32
		{8B8BA6B8-B624-4F4C-86BE-7AE11C41A097}.Release|x64.ActiveCfg = Release|x64
		{8B8BA6B8-B624-4F4C-86BE-7AE11C41A097}.Release|x64.Build.0 = Release|x64
		{8B8BA6B8-B624-4F4C-86BE-7AE11C41A097}.Release|x86.ActiveCfg = Release|Win32
		{8B8BA6B8-B624-4F4C-86BE-7AE11C41A097}.Release|x86.Build.0 = Release|Win32
		{CAA2F9A7-302E-469D-8166-070CCEDC477D}.Debug|Any CPU.ActiveCfg = Debug|Win32
		{CAA2F9A7-302E-469D-8166-070CCEDC477D}.Debug|x64.ActiveCfg = Debug|x64
		{CAA2F9A7-302E-469D-8166-070CCEDC477D}.Debug|x64.Build.0 = Debug|x64
		{CAA2F9A7-302E-469D-8166-070CCEDC477D}.Debug|x86.ActiveCfg = Debug|Win32
		{CAA2F9A7-302E-469D-8166-070CCEDC477D}.Debug|x86.Build.0 = Debug|Win32
		{CAA2F9A7-302E-469D-8166-070CCEDC477D}.Release|Any CPU.ActiveCfg = Release|Win32
		{CAA2F9A7-302E-469D-8166-070CCEDC477D}.Release|x64.ActiveCfg = Release|x64
		{CAA2F9A7-302E-469D-8166-070CCEDC477D}.Release|x64.Build.0 = Release|x64
		{CAA2F9A7-302E-469D-8166-070CCEDC477D}.Release|x86.ActiveCfg = Release|Win32
		{CAA2F9A7-302E-469D-8166-070CCEDC477D}.Release|x86.Build.0 = Release|Win32
		{F642B01A-E40F-4DF9-AB7C-3D16A5A9E8BC}.Debug|Any CPU.ActiveCfg = Debug|Win32
		{F642B01A-E40F-4DF9-AB7C-3D16A5A9E8BC}.Debug|x64.ActiveCfg = Debug|x64
		{F642B01A-E40F-4DF9-AB7C-3D16A5A9E8BC}.Debug|x64.Build.0 = Debug|x64
		{F642B01A-E40F-4DF9-AB7C-3D16A5A9E8BC}.Debug|x86.ActiveCfg = Debug|Win32
		{F642B01A-E40F-4DF9-AB7C-3D16A5A9E8BC}.Debug|x86.Build.0 = Debug|Win32
		{F642B01A-E40F-4DF9-AB7C-3D16A5A9E8BC}.Release|Any CPU.ActiveCfg = Release|Win32
		{F642B01A-E40F-4DF9-AB7C-3D16A5A9E8BC}.Release|x64.ActiveCfg = Release|x64
		{F642B01A-E40F-4DF9-AB7C-3D16A5A9E8BC}.Release|x64.Build.0 = Release|x64
		{F642B01A-E40F-4DF9-AB7C-3D16A5A9E8BC}.Release|x86.ActiveCfg = Release|Win32
		{F642B01A-E40F-4DF9-AB7C-3D16A5A9E8BC}.Release|x86.Build.0 = Release|Win32
		{EE1A3BDB-0252-497B-960A-9C2DE3E8DFEF}.Debug|Any CPU.ActiveCfg = Debug|Win32
		{EE1A3BDB-0252-497B-960A-9C2DE3E8DFEF}.Debug|x64.ActiveCfg = Debug|x64
		{EE1A3BDB-0252-497B-960A-9C2DE3E8DFEF}.Debug|x64.Build.0 = Debug|x64
		{EE1A3BDB-0252-497B-960A-9C2DE3E8DFEF}.Debug|x86.ActiveCfg = Debug|Win32
		{EE1A3BDB-0252-497B-960A-9C2DE3E8DFEF}.Debug|x86.Build.0 = Debug|Win32
		{EE1A3BDB-0252-497B-960A-9C2DE3E8DFEF}.Release|Any CPU.ActiveCfg = Release|Win32
		{EE1A3BDB-0252-497B-960A-9C2DE3E8DFEF}.Release|x64.ActiveCfg = Release|x64
		{EE1A3BDB-0252-497B-960A-9C2DE3E8DFEF}.Release|x64.Build.0 = Release|x64
		{EE1A3BDB-0252-497B-960A-9C2DE3E8DFEF}.Release|x86.ActiveCfg = Release|Win32
		{EE1A3BDB-0252-497B-960A-9C2DE3E8DFEF}.Release|x86.Build.0 = Release|Win32
		{F561C3EF-E803-499F-A986-FDE8A6B2A150}.Debug|Any CPU.ActiveCfg = Debug|Win32
		{F561C3EF-E803-499F-A986-FDE8A6B2A150}.Debug|x64.ActiveCfg = Debug|x64
		{F561C3EF-E803-499F-A986-FDE8A6B2A150}.Debug|x64.Build.0 = Debug|x64
		{F561C3EF-E803-499F-A986-FDE8A6B2A150}.Debug|x86.ActiveCfg = Debug|Win32
		{F561C3EF-E803-499F-A986-FDE8A6B2A150}.Debug|x86.Build.0 = Debug|Win32
		{F561C3EF-E803-499F-A986-FDE8A6B2A150}.Release|Any CPU.ActiveCfg = Release|Win32
		{F561C3EF-E803-499F-A986-FDE8A6B2A150}.Release|x64.ActiveCfg = Release|x64
		{F561C3EF-E803-499F-A986-FDE8A6B2A150}.Release|x64.Build.0 = Release|x64
		{F561C3EF-E803-499F-A986-FDE8A6B2A150}.Release|x86.ActiveCfg = Release|Win32
		{F561C3EF-E803-499F-A986-FDE8A6B2A150}.Release|x86.Build.0 = Release|Win32
		{325C40B9-C0B2-420C-BE35-909559B66A55}.Debug|Any CPU.ActiveCfg = Debug|Win32
		{325C40B9-C0B2-420C-BE35-909559B66A55}.Debug|x64.ActiveCfg = Debug|x64
		{325C40B9-C0B2-420C-BE35-909559B66A55}.Debug|x64.Build.0 = Debug|x64
		{325C40B9-C0B2-420C-BE35-909559B66A55}.Debug|x86.ActiveCfg = Debug|Win32
		{325C40B9-C0B2-420C-BE35-909559B66A55}.Debug|x86.Build.0 = Debug|Win32
		{325C40B9-C0B2-420C-BE35-909559B66A55}.Release|Any CPU.ActiveCfg = Release|Win32
		{325C40B9-C0B2-420C-BE35-909559B66A55}.Release|x64.ActiveCfg = Release|x64
		{325C40B9-C0B2-420C-BE35-909559B66A55}.Release|x64.Build.0 = Release|x64
		{325C40B9-C0B2-420C-BE35-909559B66A55}.Release|x86.ActiveCfg = Release|Win32
		{325C40B9-C0B2-420C-BE35-909559B66A55}.Release|x86.Build.0 = Release|Win32
		{8CC7B0DD-1966-40AD-A9D2-512AA80248E5}.Debug|Any CPU.ActiveCfg = Debug|Win32
		{8CC7B0DD-1966-40AD-A9D2-512AA80248E5}.Debug|x64.ActiveCfg = Debug|x64
		{8CC7B0DD-1966-40AD-A9D2-512AA80248E5}.Debug|x64.Build.0 = Debug|x64
		{8CC7B0DD-1966-40AD-A9D2-512AA80248E5}.Debug|x86.ActiveCfg = Debug|Win32
		{8CC7B0DD-1966-40AD-A9D2-512AA80248E5}.Debug|x86.Build.0 = Debug|Win32
		{8CC7B0DD-1966-40AD-A9D2-512AA80248E5}.Release|Any CPU.ActiveCfg = Release|Win32
		{8CC7B0DD-1966-40AD-A9D2-512AA80248E5}.Release|x64.ActiveCfg = Release|x64
		{8CC7B0DD-1966-40AD-A9D2-512AA80248E5}.Release|x64.Build.0 = Release|x64
		{8CC7B0DD-1966-40AD-A9D2-512AA80248E5}.Release|x86.ActiveCfg = Release|Win32
		{8CC7B0DD-1966-40AD-A9D2-512AA80248E5}.Release|x86.Build.0 = Release|Win32
		{41A9A244-BA82-4FCD-8BC6-B1267F995BE4}.Debug|Any CPU.ActiveCfg = Debug|Win32
		{41A9A244-BA82-4FCD-8BC6-B1267F995BE4}.Debug|x64.ActiveCfg = Debug|x64
		{41A9A244-BA82-4FCD-8BC6-B1267F995BE4}.Debug|x64.Build.0 = Debug|x64
		{41A9A244-BA82-4FCD-8BC6-B1267F995BE4}.Debug|x86.ActiveCfg = Debug|Win32
		{41A9A244-BA82-4FCD-8BC6-B1267F995BE4}.Debug|x86.Build.0 = Debug|Win32
		{41A9A244-BA82-4FCD-8BC6-B1267F995BE4}.Release|Any CPU.ActiveCfg = Release|Win32
		{41A9A244-BA82-4FCD-8BC6-B1267F995BE4}.Release|x64.ActiveCfg = Release|x64
		{41A9A244-BA82-4FCD-8BC6-B1267F995BE4}.Release|x64.Build.0 = Release|x64
		{41A9A244-BA82-4FCD-8BC6-B1267F995BE4}.Release|x86.ActiveCfg = Release|Win32
		{41A9A244-BA82-4FCD-8BC6-B1267F995BE4}.Release|x86.Build.0 = Release|Win32
		{9F642B60-CCAC-4F0C-B8BE-BF8479B5893E}.Debug|Any CPU.ActiveCfg = Debug|Win32
		{9F642B60-CCAC-4F0C-B8BE-BF8479B5893E}.Debug|x64.ActiveCfg = Debug|x64
		{9F642B60-CCAC-4F0C-B8BE-BF8479B5893E}.Debug|x64.Build.0 = Debug|x64
		{9F642B60-CCAC-4F0C-B8BE-BF8479B5893E}.Debug|x86.ActiveCfg = Debug|Win32
		{9F642B60-CCAC-4F0C-B8BE-BF8479B5893E}.Debug|x86.Build.0 = Debug|Win32
		{9F642B60-CCAC-4F0C-B8BE-BF8479B5893E}.Release|Any CPU.ActiveCfg = Release|Win32
		{9F642B60-CCAC-4F0C-B8BE-BF8479B5893E}.Release|x64.ActiveCfg = Release|x64
		{9F642B60-CCAC-4F0C-B8BE-BF8479B5893E}.Release|x64.Build.0 = Release|x64
		{9F642B60-CCAC-4F0C-B8BE-BF8479B5893E}.Release|x86.ActiveCfg = Release|Win32
		{9F642B60-CCAC-4F0C-B8BE-BF8479B5893E}.Release|x86.Build.0 = Release|Win32
		{B182C17E-C4C7-4A1A-A797-B9F165D2F3A8}.Debug|Any CPU.ActiveCfg = Debug|Win32
		{B182C17E-C4C7-4A1A-A797-B9F165D2F3A8}.Debug|x64.ActiveCfg = Debug|x64
		{B182C17E-C4C7-4A1A-A797-B9F165D2F3A8}.Debug|x64.Build.0 = Debug|x64
		{B182C17E-C4C7-4A1A-A797-B9F165D2F3A8}.Debug|x86.ActiveCfg = Debug|Win32
		{B182C17E-C4C7-4A1A-A797-B9F165D2F3A8}.Debug|x86.Build.0 = Debug|Win32
		{B182C17E-C4C7-4A1A-A797-B9F165D2F3A8}.Release|Any CPU.ActiveCfg = Release|Win32
		{B182C17E-C4C7-4A1A-A797-B9F165D2F3A8}.Release|x64.ActiveCfg = Release|x64
		{B182C17E-C4C7-4A1A-A797-B9F165D2F3A8}.Release|x64.Build.0 = Release|x64
		{B182C17E-C4C7-4A1A-A797-B9F165D2F3A8}.Release|x86.ActiveCfg = Release|Win32
		{B182C17E-C4C7-4A1A-A797-B9F165D2F3A8}.Release|x86.Build.0 = Release|Win32
		{D1275FD7-9D99-4F5B-B9FC-4943E662EE14}.Debug|Any CPU.ActiveCfg = Debug|Win32
		{D1275FD7-9D99-4F5B-B9FC-4943E662EE14}.Debug|x64.ActiveCfg = Debug|x64
		{D1275FD7-9D99-4F5B-B9FC-4943E662EE14}.Debug|x64.Build.0 = Debug|x64
		{D1275FD7-9D99-4F5B-B9FC-4943E662EE14}.Debug|x86.ActiveCfg = Debug|Win32
		{D1275FD7-9D99-4F5B-B9FC-4943E662EE14}.Debug|x86.Build.0 = Debug|Win32
		{D1275FD7-9D99-4F5B-B9FC-4943E662EE14}.Release|Any CPU.ActiveCfg = Release|Win32
		{D1275FD7-9D99-4F5B-B9FC-4943E662EE14}.Release|x64.ActiveCfg = Release|x64
		{D1275FD7-9D99-4F5B-B9FC-4943E662EE14}.Release|x64.Build.0 = Release|x64
		{D1275FD7-9D99-4F5B-B9FC-4943E662EE14}.Release|x86.ActiveCfg = Release|Win32
		{D1275FD7-9D99-4F5B-B9FC-4943E662EE14}.Release|x86.Build.0 = Release|Win32
		{F82D9FD8-9D90-41F0-989F-79677F36BE70}.Debug|Any CPU.ActiveCfg = Debug|Win32
		{F82D9FD8-9D90-41F0-989F-79677F36BE70}.Debug|x64.ActiveCfg = Debug|x64
		{F82D9FD8-9D90-41F0-989F-79677F36BE70}.Debug|x64.Build.0 = Debug|x64
		{F82D9FD8-9D90-41F0-989F-79677F36BE70}.Debug|x86.ActiveCfg = Debug|Win32
		{F82D9FD8-9D90-41F0-989F-79677F36BE70}.Debug|x86.Build.0 = Debug|Win32
		{F82D9FD8-9D90-41F0-989F-79677F36BE70}.Release|Any CPU.ActiveCfg = Release|Win32
		{F82D9FD8-9D90-41F0-989F-79677F36BE70}.Release|x64.ActiveCfg = Release|x64
		{F82D9FD8-9D90-41F0-989F-79677F36BE70}.Release|x64.Build.0 = Release|x64
		{F82D9FD8-9D90-41F0-989F-79677F36BE70}.Release|x86.ActiveCfg = Release|Win32
		{F82D9FD8-9D90-41F0-989F-79677F36BE70}.Release|x86.Build.0 = Release|Win32
		{8204733C-5F5D-450E-BFCA-7B93B8D603FF}.Debug|Any CPU.ActiveCfg = Debug|Win32
		{8204733C-5F5D-450E-BFCA-7B93B8D603FF}.Debug|x64.ActiveCfg = Debug|x64
		{8204733C-5F5D-450E-BFCA-7B93B8D603FF}.Debug|x64.Build.0 = Debug|x64
		{8204733C-5F5D-450E-BFCA-7B93B8D603FF}.Debug|x86.ActiveCfg = Debug|Win32
		{8204733C-5F5D-450E-BFCA-7B93B8D603FF}.Debug|x86.Build.0 = Debug|Win32
		{8204733C-5F5D-450E-BFCA-7B93B8D603FF}.Release|Any CPU.ActiveCfg = Release|Win32
		{8204733C-5F5D-450E-BFCA-7B93B8D603FF}.Release|x64.ActiveCfg = Release|x64
		{8204733C-5F5D-450E-BFCA-7B93B8D603FF}.Release|x64.Build.0 = Release|x64
		{8204733C-5F5D-450E-BFCA-7B93B8D603FF}.Release|x86.ActiveCfg = Release|Win32
		{8204733C-5F5D-450E-BFCA-7B93B8D603FF}.Release|x86.Build.0 = Release|Win32
		{1F88786C-2827-4AAD-BFA9-3B2DD5C6F508}.Debug|Any CPU.ActiveCfg = Debug|Win32
		{1F88786C-2827-4AAD-BFA9-3B2DD5C6F508}.Debug|x64.ActiveCfg = Debug|x64
		{1F88786C-2827-4AAD-BFA9-3B2DD5C6F508}.Debug|x64.Build.0 = Debug|x64
		{1F88786C-2827-4AAD-BFA9-3B2DD5C6F508}.Debug|x86.ActiveCfg = Debug|Win32
		{1F88786C-2827-4AAD-BFA9-3B2DD5C6F508}.Debug|x86.Build.0 = Debug|Win32
		{1F88786C-2827-4AAD-BFA9-3B2DD5C6F508}.Release|Any CPU.ActiveCfg = Release|Win32
		{1F88786C-2827-4AAD-BFA9-3B2DD5C6F508}.Release|x64.ActiveCfg = Release|x64
		{1F88786C-2827-4AAD-BFA9-3B2DD5C6F508}.Release|x64.Build.0 = Release|x64
		{1F88786C-2827-4AAD-BFA9-3B2DD5C6F508}.Release|x86.ActiveCfg = Release|Win32
		{1F88786C-2827-4AAD-BFA9-3B2DD5C6F508}.Release|x86.Build.0 = Release|Win32
		{4697DD65-3C7C-48F3-9870-DCD581CB0254}.Debug|Any CPU.ActiveCfg = Debug|Win32
		{4697DD65-3C7C-48F3-9870-DCD581CB0254}.Debug|x64.ActiveCfg = Debug|x64
		{4697DD65-3C7C-48F3-9870-DCD581CB0254}.Debug|x64.Build.0 = Debug|x64
		{4697DD65-3C7C-48F3-9870-DCD581CB0254}.Debug|x86.ActiveCfg = Debug|Win32
		{4697DD65-3C7C-48F3-9870-DCD581CB0254}.Debug|x86.Build.0 = Debug|Win32
		{4697DD65-3C7C-48F3-9870-DCD581CB0254}.Release|Any CPU.ActiveCfg = Release|Win32
		{4697DD65-3C7C-48F3-9870-DCD581CB0254}.Release|x64.ActiveCfg = Release|x64
		{4697DD65-3C7C-48F3-9870-DCD581CB0254}.Release|x64.Build.0 = Release|x64
		{4697DD65-3C7C-48F3-9870-DCD581CB0254}.Release|x86.ActiveCfg = Release|Win32
		{4697DD65-3C7C-48F3-9870-DCD581CB0254}.Release|x86.Build.0 = Release|Win32
		{915D5172-B952-4578-A65C-0611DFC4D60B}.Debug|Any CPU.ActiveCfg = Debug|Win32
		{915D5172-B952-4578-A65C-0611DFC4D60B}.Debug|x64.ActiveCfg = Debug|x64
		{915D5172-B952-4578-A65C-0611DFC4D60B}.Debug|x64.Build.0 = Debug|x64
		{915D5172-B952-4578-A65C-0611DFC4D60B}.Debug|x86.ActiveCfg = Debug|Win32
		{915D5172-B952-4578-A65C-0611DFC4D60B}.Debug|x86.Build.0 = Debug|Win32
		{915D5172-B952-4578-A65C-0611DFC4D60B}.Release|Any CPU.ActiveCfg = Release|Win32
		{915D5172-B952-4578-A65C-0611DFC4D60B}.Release|x64.ActiveCfg = Release|x64
		{915D5172-B952-4578-A65C-0611DFC4D60B}.Release|x64.Build.0 = Release|x64
		{915D5172-B952-4578-A65C-0611DFC4D60B}.Release|x86.ActiveCfg = Release|Win32
		{915D5172-B952-4578-A65C-0611DFC4D60B}.Release|x86.Build.0 = Release|Win32
		{858F8536-71EA-4832-BC5E-893C526DCB43}.Debug|Any CPU.ActiveCfg = Debug|Win32
		{858F8536-71EA-4832-BC5E-893C526DCB43}.Debug|x64.ActiveCfg = Debug|x64
		{858F8536-71EA-4832-BC5E-893C526DCB43}.Debug|x64.Build.0 = Debug|x64
		{858F8536-71EA-4832-BC5E-893C526DCB43}.Debug|x86.ActiveCfg = Debug|Win32
		{858F8536-71EA-4832-BC5E-893C526DCB43}.Debug|x86.Build.0 = Debug|Win32
		{858F8536-71EA-4832-BC5E-893C526DCB43}.Release|Any CPU.ActiveCfg = Release|Win32
		{858F8536-71EA-4832-BC5E-893C526DCB43}.Release|x64.ActiveCfg = Release|x64
		{858F8536-71EA-4832-BC5E-893C526DCB43}.Release|x64.Build.0 = Release|x64
		{858F8536-71EA-4832-BC5E-893C526DCB43}.Release|x86.ActiveCfg = Release|Win32
		{858F8536-71EA-4832-BC5E-893C526DCB43}.Release|x86.Build.0 = Release|Win32
		{7477BD22-2CA8-4623-B6B4-7FED7098AAF4}.Debug|Any CPU.ActiveCfg = Debug|Win32
		{7477BD22-2CA8-4623-B6B4-7FED7098AAF4}.Debug|x64.ActiveCfg = Debug|x64
		{7477BD22-2CA8-4623-B6B4-7FED7098AAF4}.Debug|x64.Build.0 = Debug|x64
		{7477BD22-2CA8-4623-B6B4-7FED7098AAF4}.Debug|x86.ActiveCfg = Debug|Win32
		{7477BD22-2CA8-4623-B6B4-7FED7098AAF4}.Debug|x86.Build.0 = Debug|Win32
		{7477BD22-2CA8-4623-B6B4-7FED7098AAF4}.Release|Any CPU.ActiveCfg = Release|Win32
		{7477BD22-2CA8-4623-B6B4-7FED7098AAF4}.Release|x64.ActiveCfg = Release|x64
		{7477BD22-2CA8-4623-B6B4-7FED7098AAF4}.Release|x64.Build.0 = Release|x64
		{7477BD22-2CA8-4623-B6B4-7FED7098AAF4}.Release|x86.ActiveCfg = Release|Win32
		{7477BD22-2CA8-4623-B6B4-7FED7098AAF4}.Release|x86.Build.0 = Release|Win32
	EndGlobalSection
	GlobalSection(SolutionProperties) = preSolution
		HideSolutionNode = FALSE
	EndGlobalSection
	GlobalSection(ExtensibilityGlobals) = postSolution
		SolutionGuid = {46954D21-6247-4929-B5B9-3DF203CD26E9}
	EndGlobalSection
EndGlobal
