
Microsoft Visual Studio Solution File, Format Version 12.00
# Visual Studio Version 16
VisualStudioVersion = 16.0.31005.135
MinimumVisualStudioVersion = 10.0.40219.1
Project("{8BC9CEB8-8B4A-11D0-8D11-00A0C91BC942}") = "Excise3-01", "Excise3-01\Excise3-01.vcxproj", "{15BB1AA6-AC52-49CC-BB30-CC5FCA8CF441}"
EndProject
Project("{8BC9CEB8-8B4A-11D0-8D11-00A0C91BC942}") = "Excise3-02", "Excise3-02\Excise3-02.vcxproj", "{B11305C5-6A79-49D3-9814-FC258D214936}"
EndProject
Global
	GlobalSection(SolutionConfigurationPlatforms) = preSolution
		Debug|x64 = Debug|x64
		Debug|x86 = Debug|x86
		Release|x64 = Release|x64
		Release|x86 = Release|x86
	EndGlobalSection
	GlobalSection(ProjectConfigurationPlatforms) = postSolution
		{15BB1AA6-AC52-49CC-BB30-CC5FCA8CF441}.Debug|x64.ActiveCfg = Debug|x64
		{15BB1AA6-AC52-49CC-BB30-CC5FCA8CF441}.Debug|x64.Build.0 = Debug|x64
		{15BB1AA6-AC52-49CC-BB30-CC5FCA8CF441}.Debug|x86.ActiveCfg = Debug|Win32
		{15BB1AA6-AC52-49CC-BB30-CC5FCA8CF441}.Debug|x86.Build.0 = Debug|Win32
		{15BB1AA6-AC52-49CC-BB30-CC5FCA8CF441}.Release|x64.ActiveCfg = Release|x64
		{15BB1AA6-AC52-49CC-BB30-CC5FCA8CF441}.Release|x64.Build.0 = Release|x64
		{15BB1AA6-AC52-49CC-BB30-CC5FCA8CF441}.Release|x86.ActiveCfg = Release|Win32
		{15BB1AA6-AC52-49CC-BB30-CC5FCA8CF441}.Release|x86.Build.0 = Release|Win32
		{B11305C5-6A79-49D3-9814-FC258D214936}.Debug|x64.ActiveCfg = Debug|x64
		{B11305C5-6A79-49D3-9814-FC258D214936}.Debug|x64.Build.0 = Debug|x64
		{B11305C5-6A79-49D3-9814-FC258D214936}.Debug|x86.ActiveCfg = Debug|Win32
		{B11305C5-6A79-49D3-9814-FC258D214936}.Debug|x86.Build.0 = Debug|Win32
		{B11305C5-6A79-49D3-9814-FC258D214936}.Release|x64.ActiveCfg = Release|x64
		{B11305C5-6A79-49D3-9814-FC258D214936}.Release|x64.Build.0 = Release|x64
		{B11305C5-6A79-49D3-9814-FC258D214936}.Release|x86.ActiveCfg = Release|Win32
		{B11305C5-6A79-49D3-9814-FC258D214936}.Release|x86.Build.0 = Release|Win32
	EndGlobalSection
	GlobalSection(SolutionProperties) = preSolution
		HideSolutionNode = FALSE
	EndGlobalSection
	GlobalSection(ExtensibilityGlobals) = postSolution
		SolutionGuid = {30C33109-C0F3-494E-9A6F-0AFF9FACBE6A}
	EndGlobalSection
EndGlobal
